
Microsoft Visual Studio Solution File, Format Version 12.00
# Visual Studio Version 16
VisualStudioVersion = 16.0.29728.190
MinimumVisualStudioVersion = 10.0.40219.1
Project("{8BC9CEB8-8B4A-11D0-8D11-00A0C91BC942}") = "BaseDx12", "BaseDx12\BaseDx12.vcxproj", "{7C4F9EC7-A88D-43F5-BC73-24A46AB6EB8D}"
	ProjectSection(ProjectDependencies) = postProject
		{371B9FA9-4C90-4AC6-A123-ACED756D6C77} = {371B9FA9-4C90-4AC6-A123-ACED756D6C77}
	EndProjectSection
EndProject
Project("{8BC9CEB8-8B4A-11D0-8D11-00A0C91BC942}") = "Dx12Lib", "..\Libs\Dx12Lib\Dx12Lib.vcxitems", "{D3576AE9-CE6D-44E2-8A31-776EEEA94987}"
EndProject
Project("{2150E333-8FDC-42A3-9474-1A3956D46DE8}") = "Libs", "Libs", "{438EAD75-A6BC-4DC3-8EA3-821ED451EB57}"
EndProject
Project("{8BC9CEB8-8B4A-11D0-8D11-00A0C91BC942}") = "DirectXTex", "..\Libs\DirectXTex\DirectXTex_Desktop_2019_Win10.vcxproj", "{371B9FA9-4C90-4AC6-A123-ACED756D6C77}"
EndProject
Project("{8BC9CEB8-8B4A-11D0-8D11-00A0C91BC942}") = "Dx12FullLib", "..\Libs\Dx12FullLib\Dx12FullLib.vcxitems", "{E8A347B4-D5D1-4EA1-B0B6-A7B1F31C67B9}"
EndProject
Global
	GlobalSection(SharedMSBuildProjectFiles) = preSolution
		..\Libs\Dx12FullLib\Dx12FullLib.vcxitems*{7c4f9ec7-a88d-43f5-bc73-24a46ab6eb8d}*SharedItemsImports = 4
		..\Libs\Dx12Lib\Dx12Lib.vcxitems*{7c4f9ec7-a88d-43f5-bc73-24a46ab6eb8d}*SharedItemsImports = 4
		..\Libs\Dx12Lib\Dx12Lib.vcxitems*{d3576ae9-ce6d-44e2-8a31-776eeea94987}*SharedItemsImports = 9
		..\Libs\Dx12FullLib\Dx12FullLib.vcxitems*{e8a347b4-d5d1-4ea1-b0b6-a7b1f31c67b9}*SharedItemsImports = 9
	EndGlobalSection
	GlobalSection(SolutionConfigurationPlatforms) = preSolution
		Debug|x64 = Debug|x64
		Release|x64 = Release|x64
	EndGlobalSection
	GlobalSection(ProjectConfigurationPlatforms) = postSolution
		{7C4F9EC7-A88D-43F5-BC73-24A46AB6EB8D}.Debug|x64.ActiveCfg = Debug|x64
		{7C4F9EC7-A88D-43F5-BC73-24A46AB6EB8D}.Debug|x64.Build.0 = Debug|x64
		{7C4F9EC7-A88D-43F5-BC73-24A46AB6EB8D}.Release|x64.ActiveCfg = Release|x64
		{7C4F9EC7-A88D-43F5-BC73-24A46AB6EB8D}.Release|x64.Build.0 = Release|x64
		{371B9FA9-4C90-4AC6-A123-ACED756D6C77}.Debug|x64.ActiveCfg = Debug|x64
		{371B9FA9-4C90-4AC6-A123-ACED756D6C77}.Debug|x64.Build.0 = Debug|x64
		{371B9FA9-4C90-4AC6-A123-ACED756D6C77}.Release|x64.ActiveCfg = Release|x64
		{371B9FA9-4C90-4AC6-A123-ACED756D6C77}.Release|x64.Build.0 = Release|x64
	EndGlobalSection
	GlobalSection(SolutionProperties) = preSolution
		HideSolutionNode = FALSE
	EndGlobalSection
	GlobalSection(NestedProjects) = preSolution
		{D3576AE9-CE6D-44E2-8A31-776EEEA94987} = {438EAD75-A6BC-4DC3-8EA3-821ED451EB57}
		{371B9FA9-4C90-4AC6-A123-ACED756D6C77} = {438EAD75-A6BC-4DC3-8EA3-821ED451EB57}
		{E8A347B4-D5D1-4EA1-B0B6-A7B1F31C67B9} = {438EAD75-A6BC-4DC3-8EA3-821ED451EB57}
	EndGlobalSection
	GlobalSection(ExtensibilityGlobals) = postSolution
		SolutionGuid = {6C71582E-2C2F-418F-B8F5-0AC321BD492B}
	EndGlobalSection
EndGlobal
