<?xml version="1.0" encoding="utf-8"?>
<Project ToolsVersion="4.0" xmlns="http://schemas.microsoft.com/developer/msbuild/2003">
  <ItemGroup>
    <Filter Include="Headers">
      <UniqueIdentifier>{d19f9bf1-61a6-461c-8b7c-2b3ef616818a}</UniqueIdentifier>
    </Filter>
    <Filter Include="Sources">
      <UniqueIdentifier>{52c5c5b6-be6c-4d8d-9be3-d0051f519696}</UniqueIdentifier>
    </Filter>
  </ItemGroup>
  <ItemGroup>
    <ClInclude Include="$(MSBuildThisFileDirectory)Stage.h">
      <Filter>Headers</Filter>
    </ClInclude>
    <ClInclude Include="$(MSBuildThisFileDirectory)SceneBase.h">
      <Filter>Headers</Filter>
    </ClInclude>
    <ClInclude Include="$(MSBuildThisFileDirectory)Helper.h">
      <Filter>Headers</Filter>
    </ClInclude>
    <ClInclude Include="$(MSBuildThisFileDirectory)d3dx12.h">
      <Filter>Headers</Filter>
    </ClInclude>
    <ClInclude Include="$(MSBuildThisFileDirectory)App.h">
      <Filter>Headers</Filter>
    </ClInclude>
    <ClInclude Include="$(MSBuildThisFileDirectory)SimpleCamera.h">
      <Filter>Headers</Filter>
    </ClInclude>
    <ClInclude Include="$(MSBuildThisFileDirectory)StepTimer.h">
      <Filter>Headers</Filter>
    </ClInclude>
    <ClInclude Include="$(MSBuildThisFileDirectory)CommonDx12.h">
      <Filter>Headers</Filter>
    </ClInclude>
    <ClInclude Include="$(MSBuildThisFileDirectory)MeshHelper.h">
      <Filter>Headers</Filter>
    </ClInclude>
    <ClInclude Include="$(MSBuildThisFileDirectory)VertexHelper.h">
      <Filter>Headers</Filter>
    </ClInclude>
    <ClInclude Include="$(MSBuildThisFileDirectory)BaseMath.h">
      <Filter>Headers</Filter>
    </ClInclude>
    <ClInclude Include="$(MSBuildThisFileDirectory)BaseMathInc.h">
      <Filter>Headers</Filter>
    </ClInclude>
    <ClInclude Include="$(MSBuildThisFileDirectory)Dx12Device.h">
      <Filter>Headers</Filter>
    </ClInclude>
    <ClInclude Include="$(MSBuildThisFileDirectory)Dx12Texture.h">
      <Filter>Headers</Filter>
    </ClInclude>
  </ItemGroup>
  <ItemGroup>
    <ClCompile Include="$(MSBuildThisFileDirectory)Stage.cpp">
      <Filter>Sources</Filter>
    </ClCompile>
    <ClCompile Include="$(MSBuildThisFileDirectory)App.cpp">
      <Filter>Sources</Filter>
    </ClCompile>
    <ClCompile Include="$(MSBuildThisFileDirectory)SimpleCamera.cpp">
      <Filter>Sources</Filter>
    </ClCompile>
    <ClCompile Include="$(MSBuildThisFileDirectory)MeshHelper.cpp">
      <Filter>Sources</Filter>
    </ClCompile>
    <ClCompile Include="$(MSBuildThisFileDirectory)VertexHelper.cpp">
      <Filter>Sources</Filter>
    </ClCompile>
    <ClCompile Include="$(MSBuildThisFileDirectory)Dx12Device.cpp">
      <Filter>Sources</Filter>
    </ClCompile>
    <ClCompile Include="$(MSBuildThisFileDirectory)Dx12Texture.cpp">
      <Filter>Sources</Filter>
    </ClCompile>
  </ItemGroup>
</Project>