<?xml version="1.0" encoding="utf-8"?>
<Project ToolsVersion="4.0" xmlns="http://schemas.microsoft.com/developer/msbuild/2003">
  <ItemGroup>
    <Filter Include="Headers">
      <UniqueIdentifier>{2d8e11ee-0567-43ca-b3df-1a5cc7ab0e4a}</UniqueIdentifier>
    </Filter>
    <Filter Include="Sources">
      <UniqueIdentifier>{1741681c-f1c0-4236-9624-b95c008013dc}</UniqueIdentifier>
    </Filter>
    <Filter Include="Shaders">
      <UniqueIdentifier>{ec0670b3-4ada-4123-bb3e-650c9b0895c1}</UniqueIdentifier>
    </Filter>
  </ItemGroup>
  <ItemGroup>
    <ClInclude Include="$(MSBuildThisFileDirectory)CommonDx12Full.h">
      <Filter>Headers</Filter>
    </ClInclude>
    <ClInclude Include="$(MSBuildThisFileDirectory)Device2D.h">
      <Filter>Headers</Filter>
    </ClInclude>
    <ClInclude Include="$(MSBuildThisFileDirectory)GameObject.h">
      <Filter>Headers</Filter>
    </ClInclude>
    <ClInclude Include="$(MSBuildThisFileDirectory)Stage.h">
      <Filter>Headers</Filter>
    </ClInclude>
    <ClInclude Include="$(MSBuildThisFileDirectory)SceneEx.h">
      <Filter>Headers</Filter>
    </ClInclude>
    <ClInclude Include="$(MSBuildThisFileDirectory)Behavior.h">
      <Filter>Headers</Filter>
    </ClInclude>
    <ClInclude Include="$(MSBuildThisFileDirectory)Draw2DComp.h">
      <Filter>Headers</Filter>
    </ClInclude>
    <ClInclude Include="$(MSBuildThisFileDirectory)UpdateComp.h">
      <Filter>Headers</Filter>
    </ClInclude>
    <ClInclude Include="$(MSBuildThisFileDirectory)Device3D.h">
      <Filter>Headers</Filter>
    </ClInclude>
    <ClInclude Include="$(MSBuildThisFileDirectory)Draw3DComp.h">
      <Filter>Headers</Filter>
    </ClInclude>
  </ItemGroup>
  <ItemGroup>
    <ClCompile Include="$(MSBuildThisFileDirectory)Device2D.cpp">
      <Filter>Sources</Filter>
    </ClCompile>
    <ClCompile Include="$(MSBuildThisFileDirectory)Stage.cpp">
      <Filter>Sources</Filter>
    </ClCompile>
    <ClCompile Include="$(MSBuildThisFileDirectory)SceneEx.cpp">
      <Filter>Sources</Filter>
    </ClCompile>
    <ClCompile Include="$(MSBuildThisFileDirectory)Behavior.cpp">
      <Filter>Sources</Filter>
    </ClCompile>
    <ClCompile Include="$(MSBuildThisFileDirectory)GameObject.cpp">
      <Filter>Sources</Filter>
    </ClCompile>
    <ClCompile Include="$(MSBuildThisFileDirectory)UpdateComp.cpp">
      <Filter>Sources</Filter>
    </ClCompile>
    <ClCompile Include="$(MSBuildThisFileDirectory)Draw2DComp.cpp">
      <Filter>Sources</Filter>
    </ClCompile>
    <ClCompile Include="$(MSBuildThisFileDirectory)Device3D.cpp">
      <Filter>Sources</Filter>
    </ClCompile>
  </ItemGroup>
  <ItemGroup>
    <None Include="$(MSBuildThisFileDirectory)Shaders\INCStructs.hlsli">
      <Filter>Shaders</Filter>
    </None>
    <None Include="$(MSBuildThisFileDirectory)Shaders\BcINCCommon.hlsli">
      <Filter>Shaders</Filter>
    </None>
    <None Include="$(MSBuildThisFileDirectory)Shaders\BcINCLighting.hlsli">
      <Filter>Shaders</Filter>
    </None>
    <None Include="$(MSBuildThisFileDirectory)Shaders\BcINCParameters.hlsli">
      <Filter>Shaders</Filter>
    </None>
    <None Include="$(MSBuildThisFileDirectory)Shaders\BcINCShadow.hlsli">
      <Filter>Shaders</Filter>
    </None>
    <None Include="$(MSBuildThisFileDirectory)Shaders\BcINCStructs.hlsli">
      <Filter>Shaders</Filter>
    </None>
  </ItemGroup>
  <ItemGroup>
    <FxCompile Include="$(MSBuildThisFileDirectory)Shaders\PSPCSprite.hlsl">
      <Filter>Shaders</Filter>
    </FxCompile>
    <FxCompile Include="$(MSBuildThisFileDirectory)Shaders\PSPTSprite.hlsl">
      <Filter>Shaders</Filter>
    </FxCompile>
    <FxCompile Include="$(MSBuildThisFileDirectory)Shaders\VSPCSprite.hlsl">
      <Filter>Shaders</Filter>
    </FxCompile>
    <FxCompile Include="$(MSBuildThisFileDirectory)Shaders\VSPTSprite.hlsl">
      <Filter>Shaders</Filter>
    </FxCompile>
    <FxCompile Include="$(MSBuildThisFileDirectory)Shaders\BcPSPCStatic.hlsl">
      <Filter>Shaders</Filter>
    </FxCompile>
    <FxCompile Include="$(MSBuildThisFileDirectory)Shaders\BcPSPNTnTPL.hlsl">
      <Filter>Shaders</Filter>
    </FxCompile>
    <FxCompile Include="$(MSBuildThisFileDirectory)Shaders\BcPSPNTnTPLShadow.hlsl">
      <Filter>Shaders</Filter>
    </FxCompile>
    <FxCompile Include="$(MSBuildThisFileDirectory)Shaders\BcPSPNTPL.hlsl">
      <Filter>Shaders</Filter>
    </FxCompile>
    <FxCompile Include="$(MSBuildThisFileDirectory)Shaders\BcPSPNTPLShadow.hlsl">
      <Filter>Shaders</Filter>
    </FxCompile>
    <FxCompile Include="$(MSBuildThisFileDirectory)Shaders\BcPSPTStatic.hlsl">
      <Filter>Shaders</Filter>
    </FxCompile>
    <FxCompile Include="$(MSBuildThisFileDirectory)Shaders\BcVSPCStatic.hlsl">
      <Filter>Shaders</Filter>
    </FxCompile>
    <FxCompile Include="$(MSBuildThisFileDirectory)Shaders\BcVSPCTStatic.hlsl">
      <Filter>Shaders</Filter>
    </FxCompile>
    <FxCompile Include="$(MSBuildThisFileDirectory)Shaders\BcVSPNTBonePL.hlsl">
      <Filter>Shaders</Filter>
    </FxCompile>
    <FxCompile Include="$(MSBuildThisFileDirectory)Shaders\BcVSPNTBonePLBn.hlsl">
      <Filter>Shaders</Filter>
    </FxCompile>
    <FxCompile Include="$(MSBuildThisFileDirectory)Shaders\BcVSPNTBonePLBnShadow.hlsl">
      <Filter>Shaders</Filter>
    </FxCompile>
    <FxCompile Include="$(MSBuildThisFileDirectory)Shaders\BcVSPNTBonePLShadow.hlsl">
      <Filter>Shaders</Filter>
    </FxCompile>
    <FxCompile Include="$(MSBuildThisFileDirectory)Shaders\BcVSPNTnTBonePL.hlsl">
      <Filter>Shaders</Filter>
    </FxCompile>
    <FxCompile Include="$(MSBuildThisFileDirectory)Shaders\BcVSPNTnTBonePLShadow.hlsl">
      <Filter>Shaders</Filter>
    </FxCompile>
    <FxCompile Include="$(MSBuildThisFileDirectory)Shaders\BcVSPNTnTStaticPL.hlsl">
      <Filter>Shaders</Filter>
    </FxCompile>
    <FxCompile Include="$(MSBuildThisFileDirectory)Shaders\BcVSPNTnTStaticPLShadow.hlsl">
      <Filter>Shaders</Filter>
    </FxCompile>
    <FxCompile Include="$(MSBuildThisFileDirectory)Shaders\BcVSPNTStaticPL.hlsl">
      <Filter>Shaders</Filter>
    </FxCompile>
    <FxCompile Include="$(MSBuildThisFileDirectory)Shaders\BcVSPNTStaticPLBn.hlsl">
      <Filter>Shaders</Filter>
    </FxCompile>
    <FxCompile Include="$(MSBuildThisFileDirectory)Shaders\BcVSPNTStaticPLBnShadow.hlsl">
      <Filter>Shaders</Filter>
    </FxCompile>
    <FxCompile Include="$(MSBuildThisFileDirectory)Shaders\BcVSPNTStaticPLShadow.hlsl">
      <Filter>Shaders</Filter>
    </FxCompile>
    <FxCompile Include="$(MSBuildThisFileDirectory)Shaders\BcVSPTStatic.hlsl">
      <Filter>Shaders</Filter>
    </FxCompile>
  </ItemGroup>
</Project>